
Microsoft Visual Studio Solution File, Format Version 12.00
# Visual Studio Version 16
VisualStudioVersion = 16.0.30204.135
MinimumVisualStudioVersion = 10.0.40219.1
Project("{8BC9CEB8-8B4A-11D0-8D11-00A0C91BC942}") = "uppgift2", "uppgift2.vcxproj", "{C46C9BC8-8259-4653-8066-DFB4E4B60AC1}"
EndProject
Global
	GlobalSection(SolutionConfigurationPlatforms) = preSolution
		Debug|x64 = Debug|x64
		Release|x64 = Release|x64
	EndGlobalSection
	GlobalSection(ProjectConfigurationPlatforms) = postSolution
		{C46C9BC8-8259-4653-8066-DFB4E4B60AC1}.Debug|x64.ActiveCfg = Debug|x64
		{C46C9BC8-8259-4653-8066-DFB4E4B60AC1}.Debug|x64.Build.0 = Debug|x64
		{C46C9BC8-8259-4653-8066-DFB4E4B60AC1}.Release|x64.ActiveCfg = Release|x64
		{C46C9BC8-8259-4653-8066-DFB4E4B60AC1}.Release|x64.Build.0 = Release|x64
	EndGlobalSection
	GlobalSection(SolutionProperties) = preSolution
		HideSolutionNode = FALSE
	EndGlobalSection
	GlobalSection(ExtensibilityGlobals) = postSolution
		SolutionGuid = {36E8FFD1-1396-4B04-90F3-57E303BDE8A0}
	EndGlobalSection
EndGlobal
